
Microsoft Visual Studio Solution File, Format Version 12.00
# Visual Studio Version 17
VisualStudioVersion = 17.2.32526.322
MinimumVisualStudioVersion = 10.0.40219.1
Project("{9A19103F-16F7-4668-BE54-9A1E7A4F7556}") = "BankSystem", "BankSystem.csproj", "{D4268DD4-B387-4C39-B897-752E43B3DDA5}"
EndProject
Project("{9A19103F-16F7-4668-BE54-9A1E7A4F7556}") = "BankSystemCore", "..\BankSystemCore\BankSystemCore.csproj", "{32D1E18E-F707-4C47-BD86-4F5D5533E63B}"
EndProject
Project("{FAE04EC0-301F-11D3-BF4B-00C04F79EFBC}") = "BankSystemTest", "..\BankSystemTest\BankSystemTest.csproj", "{75EC8EE2-F630-4323-A855-7EF0B6168ACA}"
EndProject
Global
	GlobalSection(SolutionConfigurationPlatforms) = preSolution
		Debug|Any CPU = Debug|Any CPU
		Release|Any CPU = Release|Any CPU
	EndGlobalSection
	GlobalSection(ProjectConfigurationPlatforms) = postSolution
		{D4268DD4-B387-4C39-B897-752E43B3DDA5}.Debug|Any CPU.ActiveCfg = Debug|Any CPU
		{D4268DD4-B387-4C39-B897-752E43B3DDA5}.Debug|Any CPU.Build.0 = Debug|Any CPU
		{D4268DD4-B387-4C39-B897-752E43B3DDA5}.Release|Any CPU.ActiveCfg = Release|Any CPU
		{D4268DD4-B387-4C39-B897-752E43B3DDA5}.Release|Any CPU.Build.0 = Release|Any CPU
		{32D1E18E-F707-4C47-BD86-4F5D5533E63B}.Debug|Any CPU.ActiveCfg = Debug|Any CPU
		{32D1E18E-F707-4C47-BD86-4F5D5533E63B}.Debug|Any CPU.Build.0 = Debug|Any CPU
		{32D1E18E-F707-4C47-BD86-4F5D5533E63B}.Release|Any CPU.ActiveCfg = Release|Any CPU
		{32D1E18E-F707-4C47-BD86-4F5D5533E63B}.Release|Any CPU.Build.0 = Release|Any CPU
		{75EC8EE2-F630-4323-A855-7EF0B6168ACA}.Debug|Any CPU.ActiveCfg = Debug|Any CPU
		{75EC8EE2-F630-4323-A855-7EF0B6168ACA}.Debug|Any CPU.Build.0 = Debug|Any CPU
		{75EC8EE2-F630-4323-A855-7EF0B6168ACA}.Release|Any CPU.ActiveCfg = Release|Any CPU
		{75EC8EE2-F630-4323-A855-7EF0B6168ACA}.Release|Any CPU.Build.0 = Release|Any CPU
	EndGlobalSection
	GlobalSection(SolutionProperties) = preSolution
		HideSolutionNode = FALSE
	EndGlobalSection
	GlobalSection(ExtensibilityGlobals) = postSolution
		SolutionGuid = {7A5E50B7-EAAA-4CDC-AEAD-001ABA7F0B2A}
	EndGlobalSection
EndGlobal
